PODS:
  - Capacitor (7.4.2):
    - CapacitorCordova
  - CapacitorBrowser (7.0.1):
    - Capacitor
  - CapacitorCordova (7.4.2)
  - CapacitorDialog (7.0.1):
    - Capacitor

DEPENDENCIES:
  - "Capacitor (from `../../../../node_modules/@capacitor/ios`)"
  - "CapacitorBrowser (from `../../../../node_modules/@capacitor/browser`)"
  - "CapacitorCordova (from `../../../../node_modules/@capacitor/ios`)"
  - "CapacitorDialog (from `../../../../node_modules/@capacitor/dialog`)"

EXTERNAL SOURCES:
  Capacitor:
    :path: "../../../../node_modules/@capacitor/ios"
  CapacitorBrowser:
    :path: "../../../../node_modules/@capacitor/browser"
  CapacitorCordova:
    :path: "../../../../node_modules/@capacitor/ios"
  CapacitorDialog:
    :path: "../../../../node_modules/@capacitor/dialog"

SPEC CHECKSUMS:
  Capacitor: 9d9e481b79ffaeacaf7a85d6a11adec32bd33b59
  CapacitorBrowser: 6299776d496e968505464884d565992faa20444a
  CapacitorCordova: 5e58d04631bc5094894ac106e2bf1da18a9e6151
  CapacitorDialog: 0e09f242f6c3f5e82e4dc76b20f2a056be57a579

PODFILE CHECKSUM: 0682a78dd7061eb7f8d312885b7c92ae76e34282

COCOAPODS: 1.16.2
